
Microsoft Visual Studio Solution File, Format Version 12.00
# Visual Studio Version 16
VisualStudioVersion = 16.0.29025.244
MinimumVisualStudioVersion = 15.0.26124.0
Project("{9A19103F-16F7-4668-BE54-9A1E7A4F7556}") = "RaceGameMode", "MyFirstResource\RaceGameMode.csproj", "{CEA8C432-5931-493C-BD08-BCD17169E216}"
EndProject
Global
	GlobalSection(SolutionConfigurationPlatforms) = preSolution
		Debug|Any CPU = Debug|Any CPU
		Debug|x64 = Debug|x64
		Debug|x86 = Debug|x86
		Release|Any CPU = Release|Any CPU
		Release|x64 = Release|x64
		Release|x86 = Release|x86
	EndGlobalSection
	GlobalSection(ProjectConfigurationPlatforms) = postSolution
		{CEA8C432-5931-493C-BD08-BCD17169E216}.Debug|Any CPU.ActiveCfg = Debug|Any CPU
		{CEA8C432-5931-493C-BD08-BCD17169E216}.Debug|Any CPU.Build.0 = Debug|Any CPU
		{CEA8C432-5931-493C-BD08-BCD17169E216}.Debug|x64.ActiveCfg = Debug|Any CPU
		{CEA8C432-5931-493C-BD08-BCD17169E216}.Debug|x64.Build.0 = Debug|Any CPU
		{CEA8C432-5931-493C-BD08-BCD17169E216}.Debug|x86.ActiveCfg = Debug|Any CPU
		{CEA8C432-5931-493C-BD08-BCD17169E216}.Debug|x86.Build.0 = Debug|Any CPU
		{CEA8C432-5931-493C-BD08-BCD17169E216}.Release|Any CPU.ActiveCfg = Release|Any CPU
		{CEA8C432-5931-493C-BD08-BCD17169E216}.Release|Any CPU.Build.0 = Release|Any CPU
		{CEA8C432-5931-493C-BD08-BCD17169E216}.Release|x64.ActiveCfg = Release|Any CPU
		{CEA8C432-5931-493C-BD08-BCD17169E216}.Release|x64.Build.0 = Release|Any CPU
		{CEA8C432-5931-493C-BD08-BCD17169E216}.Release|x86.ActiveCfg = Release|Any CPU
		{CEA8C432-5931-493C-BD08-BCD17169E216}.Release|x86.Build.0 = Release|Any CPU
	EndGlobalSection
	GlobalSection(SolutionProperties) = preSolution
		HideSolutionNode = FALSE
	EndGlobalSection
	GlobalSection(ExtensibilityGlobals) = postSolution
		SolutionGuid = {77C8A305-3E40-444D-9B2D-5613A43EC43A}
	EndGlobalSection
EndGlobal
